
Microsoft Visual Studio Solution File, Format Version 12.00
# Visual Studio 15
VisualStudioVersion = 15.0.28307.1209
MinimumVisualStudioVersion = 10.0.40219.1
Project("{FAE04EC0-301F-11D3-BF4B-00C04F79EFBC}") = "Entities", "Entities\Entities.csproj", "{F7C8C9BF-1CF8-48B3-8549-3D8AE35E2F33}"
EndProject
Project("{FAE04EC0-301F-11D3-BF4B-00C04F79EFBC}") = "Repositories", "Repositories\Repositories.csproj", "{277CA3EB-0CE6-4770-BAA7-8AD2AFD8C60E}"
EndProject
Project("{FAE04EC0-301F-11D3-BF4B-00C04F79EFBC}") = "ViewModels", "ViewModels\ViewModels.csproj", "{70082179-2BB7-4EC9-BE01-90457A757986}"
EndProject
Project("{FAE04EC0-301F-11D3-BF4B-00C04F79EFBC}") = "Services", "Services\Services.csproj", "{BA173332-A3CC-4AF1-901D-43F533D4ABAB}"
EndProject
Project("{FAE04EC0-301F-11D3-BF4B-00C04F79EFBC}") = "WebApi", "WebApi\WebApi.csproj", "{0BC98862-9691-4A85-B8AE-3A8266658A61}"
EndProject
Project("{FAE04EC0-301F-11D3-BF4B-00C04F79EFBC}") = "Helpers", "Helpers\Helpers.csproj", "{0014CD12-C6A6-4150-81AD-8C4895289BC0}"
EndProject
Global
	GlobalSection(SolutionConfigurationPlatforms) = preSolution
		Debug|Any CPU = Debug|Any CPU
		Release|Any CPU = Release|Any CPU
	EndGlobalSection
	GlobalSection(ProjectConfigurationPlatforms) = postSolution
		{F7C8C9BF-1CF8-48B3-8549-3D8AE35E2F33}.Debug|Any CPU.ActiveCfg = Debug|Any CPU
		{F7C8C9BF-1CF8-48B3-8549-3D8AE35E2F33}.Debug|Any CPU.Build.0 = Debug|Any CPU
		{F7C8C9BF-1CF8-48B3-8549-3D8AE35E2F33}.Release|Any CPU.ActiveCfg = Release|Any CPU
		{F7C8C9BF-1CF8-48B3-8549-3D8AE35E2F33}.Release|Any CPU.Build.0 = Release|Any CPU
		{277CA3EB-0CE6-4770-BAA7-8AD2AFD8C60E}.Debug|Any CPU.ActiveCfg = Debug|Any CPU
		{277CA3EB-0CE6-4770-BAA7-8AD2AFD8C60E}.Debug|Any CPU.Build.0 = Debug|Any CPU
		{277CA3EB-0CE6-4770-BAA7-8AD2AFD8C60E}.Release|Any CPU.ActiveCfg = Release|Any CPU
		{277CA3EB-0CE6-4770-BAA7-8AD2AFD8C60E}.Release|Any CPU.Build.0 = Release|Any CPU
		{70082179-2BB7-4EC9-BE01-90457A757986}.Debug|Any CPU.ActiveCfg = Debug|Any CPU
		{70082179-2BB7-4EC9-BE01-90457A757986}.Debug|Any CPU.Build.0 = Debug|Any CPU
		{70082179-2BB7-4EC9-BE01-90457A757986}.Release|Any CPU.ActiveCfg = Release|Any CPU
		{70082179-2BB7-4EC9-BE01-90457A757986}.Release|Any CPU.Build.0 = Release|Any CPU
		{BA173332-A3CC-4AF1-901D-43F533D4ABAB}.Debug|Any CPU.ActiveCfg = Debug|Any CPU
		{BA173332-A3CC-4AF1-901D-43F533D4ABAB}.Debug|Any CPU.Build.0 = Debug|Any CPU
		{BA173332-A3CC-4AF1-901D-43F533D4ABAB}.Release|Any CPU.ActiveCfg = Release|Any CPU
		{BA173332-A3CC-4AF1-901D-43F533D4ABAB}.Release|Any CPU.Build.0 = Release|Any CPU
		{0BC98862-9691-4A85-B8AE-3A8266658A61}.Debug|Any CPU.ActiveCfg = Debug|Any CPU
		{0BC98862-9691-4A85-B8AE-3A8266658A61}.Debug|Any CPU.Build.0 = Debug|Any CPU
		{0BC98862-9691-4A85-B8AE-3A8266658A61}.Release|Any CPU.ActiveCfg = Release|Any CPU
		{0BC98862-9691-4A85-B8AE-3A8266658A61}.Release|Any CPU.Build.0 = Release|Any CPU
		{0014CD12-C6A6-4150-81AD-8C4895289BC0}.Debug|Any CPU.ActiveCfg = Debug|Any CPU
		{0014CD12-C6A6-4150-81AD-8C4895289BC0}.Debug|Any CPU.Build.0 = Debug|Any CPU
		{0014CD12-C6A6-4150-81AD-8C4895289BC0}.Release|Any CPU.ActiveCfg = Release|Any CPU
		{0014CD12-C6A6-4150-81AD-8C4895289BC0}.Release|Any CPU.Build.0 = Release|Any CPU
	EndGlobalSection
	GlobalSection(SolutionProperties) = preSolution
		HideSolutionNode = FALSE
	EndGlobalSection
	GlobalSection(ExtensibilityGlobals) = postSolution
		SolutionGuid = {3AFEB097-76A3-4F51-85B5-3D8373E621AD}
	EndGlobalSection
EndGlobal
